
Microsoft Visual Studio Solution File, Format Version 12.00
# Visual Studio Version 16
VisualStudioVersion = 16.0.33423.256
MinimumVisualStudioVersion = 10.0.40219.1
Project("{FAE04EC0-301F-11D3-BF4B-00C04F79EFBC}") = "Adapter", "Adapter\Adapter.csproj", "{C879D347-E6A5-4885-9B8E-7D4B70C342F1}"
EndProject
Global
	GlobalSection(SolutionConfigurationPlatforms) = preSolution
		Debug|Any CPU = Debug|Any CPU
		Release|Any CPU = Release|Any CPU
	EndGlobalSection
	GlobalSection(ProjectConfigurationPlatforms) = postSolution
		{C879D347-E6A5-4885-9B8E-7D4B70C342F1}.Debug|Any CPU.ActiveCfg = Debug|Any CPU
		{C879D347-E6A5-4885-9B8E-7D4B70C342F1}.Debug|Any CPU.Build.0 = Debug|Any CPU
		{C879D347-E6A5-4885-9B8E-7D4B70C342F1}.Release|Any CPU.ActiveCfg = Release|Any CPU
		{C879D347-E6A5-4885-9B8E-7D4B70C342F1}.Release|Any CPU.Build.0 = Release|Any CPU
	EndGlobalSection
	GlobalSection(SolutionProperties) = preSolution
		HideSolutionNode = FALSE
	EndGlobalSection
	GlobalSection(ExtensibilityGlobals) = postSolution
		SolutionGuid = {8ED99B97-602C-4970-B592-F0EA20E7929E}
	EndGlobalSection
EndGlobal
